<?xml version="1.0" encoding="utf-8"?>
<Project ToolsVersion="4.0" xmlns="http://schemas.microsoft.com/developer/msbuild/2003">
  <ItemGroup>
    <Filter Include="Source Files">
      <UniqueIdentifier>{4FC737F1-C7A5-4376-A066-2A32D752A2FF}</UniqueIdentifier>
      <Extensions>cpp;c;cc;cxx;def;odl;idl;hpj;bat;asm;asmx</Extensions>
    </Filter>
    <Filter Include="Header Files">
      <UniqueIdentifier>{93995380-89BD-4b04-88EB-625FBE52EBFB}</UniqueIdentifier>
      <Extensions>h;hh;hpp;hxx;hm;inl;inc;ipp;xsd</Extensions>
    </Filter>
    <Filter Include="Resource Files">
      <UniqueIdentifier>{67DA6AB6-F800-4c08-8B7A-83BB121AAD01}</UniqueIdentifier>
      <Extensions>rc;ico;cur;bmp;dlg;rc2;rct;bin;rgs;gif;jpg;jpeg;jpe;resx;tiff;tif;png;wav;mfcribbon-ms</Extensions>
    </Filter>
    <Filter Include="Resource Files\res">
      <UniqueIdentifier>{2f2a4ab3-936c-4961-8b53-e7253eb3a056}</UniqueIdentifier>
    </Filter>
    <Filter Include="Header Files\generator">
      <UniqueIdentifier>{8ae50544-c814-4dd8-a1c9-67337ce56936}</UniqueIdentifier>
    </Filter>
    <Filter Include="Source Files\generator">
      <UniqueIdentifier>{653772c5-12d8-4650-89cb-07fb7e919f1b}</UniqueIdentifier>
    </Filter>
    <Filter Include="Header Files\renderer">
      <UniqueIdentifier>{e110a000-31f5-4aa5-8251-268c8adaa20f}</UniqueIdentifier>
    </Filter>
    <Filter Include="Source Files\renderer">
      <UniqueIdentifier>{96cfc1d9-1ff6-42e7-82bb-4a4fc043c6ce}</UniqueIdentifier>
    </Filter>
    <Filter Include="Header Files\graph">
      <UniqueIdentifier>{71dee50e-8214-41c0-a0fe-c425cfc2509d}</UniqueIdentifier>
    </Filter>
    <Filter Include="Source Files\graph">
      <UniqueIdentifier>{30805a6b-5c2a-426b-a3aa-722662499a6d}</UniqueIdentifier>
    </Filter>
    <Filter Include="Header Files\data">
      <UniqueIdentifier>{8435f242-2e0e-433d-9b46-36b328982670}</UniqueIdentifier>
    </Filter>
    <Filter Include="Source Files\data">
      <UniqueIdentifier>{5e8fe3d8-37e5-4093-a44a-9f7a12691814}</UniqueIdentifier>
    </Filter>
    <Filter Include="Header Files\spatial_search">
      <UniqueIdentifier>{35dda1df-0b00-48e3-bb85-9c1e55163e16}</UniqueIdentifier>
    </Filter>
    <Filter Include="Source Files\spatial_search">
      <UniqueIdentifier>{d2afab47-eac0-4ad5-9caf-ef46f0c36490}</UniqueIdentifier>
    </Filter>
    <Filter Include="Header Files\input">
      <UniqueIdentifier>{60625268-14f1-4419-9885-7b132de777fa}</UniqueIdentifier>
    </Filter>
    <Filter Include="Header Files\association_model">
      <UniqueIdentifier>{dbf3c23e-a84c-4600-aecb-b0e224e0dd0a}</UniqueIdentifier>
    </Filter>
    <Filter Include="Header Files\entity">
      <UniqueIdentifier>{d7559248-f97f-461d-adda-523d3c9b0aa8}</UniqueIdentifier>
    </Filter>
    <Filter Include="Source Files\entity">
      <UniqueIdentifier>{6f1f2a87-dde4-404e-92d9-a8ee8a806478}</UniqueIdentifier>
    </Filter>
    <Filter Include="Source Files\association_model">
      <UniqueIdentifier>{d90cf9d7-9f5b-42e1-84b9-88fbf5bb8c6c}</UniqueIdentifier>
    </Filter>
    <Filter Include="Header Files\operation">
      <UniqueIdentifier>{1f22e1b6-8836-4c1f-b7b6-fd79b4942b06}</UniqueIdentifier>
    </Filter>
    <Filter Include="Source Files\operation">
      <UniqueIdentifier>{aeb853d8-257c-4c3d-9ee6-e1b831096f08}</UniqueIdentifier>
    </Filter>
    <Filter Include="Header Files\shader">
      <UniqueIdentifier>{ff18b1b3-5a95-4094-a04c-fd7f338b53ba}</UniqueIdentifier>
    </Filter>
    <Filter Include="Source Files\shader">
      <UniqueIdentifier>{2d087404-329b-4778-8917-e1f8e0879d5c}</UniqueIdentifier>
    </Filter>
    <Filter Include="Source Files\mesh">
      <UniqueIdentifier>{f6f3183e-aa3e-430d-bda1-71d096f17030}</UniqueIdentifier>
    </Filter>
    <Filter Include="Header Files\mesh">
      <UniqueIdentifier>{f946fb64-8d5b-4dbc-8b64-afc046998497}</UniqueIdentifier>
    </Filter>
    <Filter Include="Header Files\utility">
      <UniqueIdentifier>{12042c35-8680-4365-8185-3456968fb9d8}</UniqueIdentifier>
    </Filter>
    <Filter Include="Source Files\utility">
      <UniqueIdentifier>{c05b116e-fe63-4744-8b99-6dbfb6b3f07c}</UniqueIdentifier>
    </Filter>
    <Filter Include="Source Files\input">
      <UniqueIdentifier>{e6a9f25f-172d-41f6-9ac1-dee5a271fe5c}</UniqueIdentifier>
    </Filter>
    <Filter Include="Header Files\component">
      <UniqueIdentifier>{da3284e2-5f9f-46a9-821f-64c5fb9aa868}</UniqueIdentifier>
    </Filter>
    <Filter Include="Source Files\component">
      <UniqueIdentifier>{c61f5874-7152-4c6f-a07a-d7bc122fef7d}</UniqueIdentifier>
    </Filter>
  </ItemGroup>
  <ItemGroup>
    <ClInclude Include="pch.h">
      <Filter>Header Files</Filter>
    </ClInclude>
    <ClInclude Include="filetobuf.h">
      <Filter>Header Files</Filter>
    </ClInclude>
    <ClInclude Include="missing_resource_error.h">
      <Filter>Header Files</Filter>
    </ClInclude>
    <ClInclude Include="wWindow.h">
      <Filter>Header Files</Filter>
    </ClInclude>
    <ClInclude Include="Clock.h">
      <Filter>Header Files</Filter>
    </ClInclude>
    <ClInclude Include="dVertexSet2f.h">
      <Filter>Header Files</Filter>
    </ClInclude>
    <ClInclude Include="oRenderableMesh.h">
      <Filter>Header Files</Filter>
    </ClInclude>
    <ClInclude Include="RandomGenerator.h">
      <Filter>Header Files\generator</Filter>
    </ClInclude>
    <ClInclude Include="p2dEdgeSet.h">
      <Filter>Header Files</Filter>
    </ClInclude>
    <ClInclude Include="p2fPointSet.h">
      <Filter>Header Files</Filter>
    </ClInclude>
    <ClInclude Include="oRenderablePointSet.h">
      <Filter>Header Files</Filter>
    </ClInclude>
    <ClInclude Include="rPoints.h">
      <Filter>Header Files\renderer</Filter>
    </ClInclude>
    <ClInclude Include="rMesh.h">
      <Filter>Header Files\renderer</Filter>
    </ClInclude>
    <ClInclude Include="Renderer.h">
      <Filter>Header Files\renderer</Filter>
    </ClInclude>
    <ClInclude Include="gNode.h">
      <Filter>Header Files\graph</Filter>
    </ClInclude>
    <ClInclude Include="gTreeNode.h">
      <Filter>Header Files\graph</Filter>
    </ClInclude>
    <ClInclude Include="dDataBlock.h">
      <Filter>Header Files\data</Filter>
    </ClInclude>
    <ClInclude Include="dDataLayout.h">
      <Filter>Header Files\data</Filter>
    </ClInclude>
    <ClInclude Include="dDataSpec.h">
      <Filter>Header Files\data</Filter>
    </ClInclude>
    <ClInclude Include="dDataType.h">
      <Filter>Header Files\data</Filter>
    </ClInclude>
    <ClInclude Include="dDataDictionary.h">
      <Filter>Header Files\data</Filter>
    </ClInclude>
    <ClInclude Include="PolygonGenerator.h">
      <Filter>Header Files\generator</Filter>
    </ClInclude>
    <ClInclude Include="illogical_polygon_parameter_error.h">
      <Filter>Header Files\generator</Filter>
    </ClInclude>
    <ClInclude Include="rNdcPanel.h">
      <Filter>Header Files\renderer</Filter>
    </ClInclude>
    <ClInclude Include="rProjectionMatrixFactory.h">
      <Filter>Header Files\renderer</Filter>
    </ClInclude>
    <ClInclude Include="ssBinaryTree.h">
      <Filter>Header Files\spatial_search</Filter>
    </ClInclude>
    <ClInclude Include="ssLinkedList.h">
      <Filter>Header Files\spatial_search</Filter>
    </ClInclude>
    <ClInclude Include="ssDirectedNode.h">
      <Filter>Header Files\spatial_search</Filter>
    </ClInclude>
    <ClInclude Include="ssLinkedListOrderedAccessor.h">
      <Filter>Header Files\spatial_search</Filter>
    </ClInclude>
    <ClInclude Include="ssRectangle.h">
      <Filter>Header Files\spatial_search</Filter>
    </ClInclude>
    <ClInclude Include="ssRectangleSpace.h">
      <Filter>Header Files\spatial_search</Filter>
    </ClInclude>
    <ClInclude Include="i_OnClick.h">
      <Filter>Header Files\input</Filter>
    </ClInclude>
    <ClInclude Include="am_S_ssRectangle_entComposition.h">
      <Filter>Header Files\association_model</Filter>
    </ClInclude>
    <ClInclude Include="am_S_Guid_entComposition.h">
      <Filter>Header Files\association_model</Filter>
    </ClInclude>
    <ClInclude Include="am_S_UniqueUuidAssociator.h">
      <Filter>Header Files\association_model</Filter>
    </ClInclude>
    <ClInclude Include="entDebugger.h">
      <Filter>Header Files\entity</Filter>
    </ClInclude>
    <ClInclude Include="amUuidHasher.h">
      <Filter>Header Files\association_model</Filter>
    </ClInclude>
    <ClInclude Include="amUuidEquator.h">
      <Filter>Header Files\association_model</Filter>
    </ClInclude>
    <ClInclude Include="amUuid.h">
      <Filter>Header Files\association_model</Filter>
    </ClInclude>
    <ClInclude Include="opSetValue.h">
      <Filter>Header Files\operation</Filter>
    </ClInclude>
    <ClInclude Include="i_S_MouseValues.h">
      <Filter>Header Files\input</Filter>
    </ClInclude>
    <ClInclude Include="opCopyValue.h">
      <Filter>Header Files\operation</Filter>
    </ClInclude>
    <ClInclude Include="amUuidLocator.h">
      <Filter>Header Files\association_model</Filter>
    </ClInclude>
    <ClInclude Include="amTptr.h">
      <Filter>Header Files\association_model</Filter>
    </ClInclude>
    <ClInclude Include="am_S_amTptr.h">
      <Filter>Header Files\association_model</Filter>
    </ClInclude>
    <ClInclude Include="amPtrFloat.h">
      <Filter>Header Files\association_model</Filter>
    </ClInclude>
    <ClInclude Include="amPtrPrimitive.h">
      <Filter>Header Files\association_model</Filter>
    </ClInclude>
    <ClInclude Include="amPtr.h">
      <Filter>Header Files\association_model</Filter>
    </ClInclude>
    <ClInclude Include="amPtrFactory.h">
      <Filter>Header Files\association_model</Filter>
    </ClInclude>
    <ClInclude Include="amTypeConverter.h">
      <Filter>Header Files\association_model</Filter>
    </ClInclude>
    <ClInclude Include="amTypeConversion.h">
      <Filter>Header Files\association_model</Filter>
    </ClInclude>
    <ClInclude Include="Shader.h">
      <Filter>Header Files\shader</Filter>
    </ClInclude>
    <ClInclude Include="ShaderProgram.h">
      <Filter>Header Files\shader</Filter>
    </ClInclude>
    <ClInclude Include="VertexShader.h">
      <Filter>Header Files\shader</Filter>
    </ClInclude>
    <ClInclude Include="FragmentShader.h">
      <Filter>Header Files\shader</Filter>
    </ClInclude>
    <ClInclude Include="mMesh.h">
      <Filter>Header Files\mesh</Filter>
    </ClInclude>
    <ClInclude Include="mMeshPrimitiveFactory.h">
      <Filter>Header Files\mesh</Filter>
    </ClInclude>
    <ClInclude Include="mTransform.h">
      <Filter>Header Files\mesh</Filter>
    </ClInclude>
    <ClInclude Include="ShaderProgramFactory.h">
      <Filter>Header Files\shader</Filter>
    </ClInclude>
    <ClInclude Include="opTranslateTransformXY.h">
      <Filter>Header Files\operation</Filter>
    </ClInclude>
    <ClInclude Include="opMouseTweakTransform.h">
      <Filter>Header Files\operation</Filter>
    </ClInclude>
    <ClInclude Include="opOperation.h">
      <Filter>Header Files\operation</Filter>
    </ClInclude>
    <ClInclude Include="opMouseDragTransform.h">
      <Filter>Header Files\operation</Filter>
    </ClInclude>
    <ClInclude Include="amUuid_T.hpp">
      <Filter>Header Files\association_model</Filter>
    </ClInclude>
    <ClInclude Include="am_S_Uuid_T.hpp">
      <Filter>Header Files\association_model</Filter>
    </ClInclude>
    <ClInclude Include="CoordinateSystem.h">
      <Filter>Header Files\utility</Filter>
    </ClInclude>
    <ClInclude Include="iMouseDragOperationsHandler.h">
      <Filter>Header Files\input</Filter>
    </ClInclude>
    <ClInclude Include="entComposition.hpp">
      <Filter>Header Files\entity</Filter>
    </ClInclude>
    <ClInclude Include="entDraw.h">
      <Filter>Header Files\entity</Filter>
    </ClInclude>
    <ClInclude Include="Component.hpp">
      <Filter>Header Files\utility</Filter>
    </ClInclude>
    <ClInclude Include="shUniformT.h">
      <Filter>Header Files\shader</Filter>
    </ClInclude>
    <ClInclude Include="shGlobalUniformMap.h">
      <Filter>Header Files\shader</Filter>
    </ClInclude>
    <ClInclude Include="shUniformBase.h">
      <Filter>Header Files\shader</Filter>
    </ClInclude>
    <ClInclude Include="entScene.h">
      <Filter>Header Files\entity</Filter>
    </ClInclude>
    <ClInclude Include="compManager.h">
      <Filter>Header Files\component</Filter>
    </ClInclude>
  </ItemGroup>
  <ItemGroup>
    <ClCompile Include="pch.cpp">
      <Filter>Source Files</Filter>
    </ClCompile>
    <ClCompile Include="materia.cpp">
      <Filter>Source Files</Filter>
    </ClCompile>
    <ClCompile Include="filetobuf.cpp">
      <Filter>Source Files</Filter>
    </ClCompile>
    <ClCompile Include="Clock.cpp">
      <Filter>Source Files</Filter>
    </ClCompile>
    <ClCompile Include="oRenderableMesh.cpp">
      <Filter>Source Files</Filter>
    </ClCompile>
    <ClCompile Include="RandomGenerator.cpp">
      <Filter>Source Files\generator</Filter>
    </ClCompile>
    <ClCompile Include="p2dEdgeSet.cpp">
      <Filter>Source Files</Filter>
    </ClCompile>
    <ClCompile Include="p2fPointSet.cpp">
      <Filter>Source Files</Filter>
    </ClCompile>
    <ClCompile Include="rMesh.cpp">
      <Filter>Source Files\renderer</Filter>
    </ClCompile>
    <ClCompile Include="Renderer.cpp">
      <Filter>Source Files\renderer</Filter>
    </ClCompile>
    <ClCompile Include="rPoints.cpp">
      <Filter>Source Files\renderer</Filter>
    </ClCompile>
    <ClCompile Include="gTreeNode.cpp">
      <Filter>Source Files\graph</Filter>
    </ClCompile>
    <ClCompile Include="dDataBlock.cpp">
      <Filter>Source Files\data</Filter>
    </ClCompile>
    <ClCompile Include="dDataType.cpp">
      <Filter>Source Files\data</Filter>
    </ClCompile>
    <ClCompile Include="dDataDictionary.cpp">
      <Filter>Source Files\data</Filter>
    </ClCompile>
    <ClCompile Include="PolygonGenerator.cpp">
      <Filter>Source Files\generator</Filter>
    </ClCompile>
    <ClCompile Include="rNdcPanel.cpp">
      <Filter>Source Files\renderer</Filter>
    </ClCompile>
    <ClCompile Include="rProjectionMatrixFactory.cpp">
      <Filter>Source Files\renderer</Filter>
    </ClCompile>
    <ClCompile Include="ssLinkedListOrderedAccessor.cpp">
      <Filter>Source Files\spatial_search</Filter>
    </ClCompile>
    <ClCompile Include="ssRectangle.cpp">
      <Filter>Source Files\spatial_search</Filter>
    </ClCompile>
    <ClCompile Include="ssRectangleSpace.cpp">
      <Filter>Source Files\spatial_search</Filter>
    </ClCompile>
    <ClCompile Include="am_S_Guid_entComposition.cpp">
      <Filter>Source Files\association_model</Filter>
    </ClCompile>
    <ClCompile Include="am_S_UniqueUuidAssociator.cpp">
      <Filter>Source Files\association_model</Filter>
    </ClCompile>
    <ClCompile Include="entDebugger.cpp">
      <Filter>Source Files\entity</Filter>
    </ClCompile>
    <ClCompile Include="opSetValue.cpp">
      <Filter>Source Files\operation</Filter>
    </ClCompile>
    <ClCompile Include="i_S_MouseValues.cpp">
      <Filter>Source Files\association_model</Filter>
    </ClCompile>
    <ClCompile Include="opCopyValue.cpp">
      <Filter>Source Files\operation</Filter>
    </ClCompile>
    <ClCompile Include="amTptr.cpp">
      <Filter>Source Files\association_model</Filter>
    </ClCompile>
    <ClCompile Include="amPtrFactory.cpp">
      <Filter>Source Files\association_model</Filter>
    </ClCompile>
    <ClCompile Include="Shader.cpp">
      <Filter>Source Files\shader</Filter>
    </ClCompile>
    <ClCompile Include="ShaderProgram.cpp">
      <Filter>Source Files\shader</Filter>
    </ClCompile>
    <ClCompile Include="mMesh.cpp">
      <Filter>Source Files\mesh</Filter>
    </ClCompile>
    <ClCompile Include="mMeshPrimitiveFactory.cpp">
      <Filter>Source Files\mesh</Filter>
    </ClCompile>
    <ClCompile Include="mTransform.cpp">
      <Filter>Source Files\mesh</Filter>
    </ClCompile>
    <ClCompile Include="ShaderProgramFactory.cpp">
      <Filter>Source Files\shader</Filter>
    </ClCompile>
    <ClCompile Include="opMouseTweakTransform.cpp">
      <Filter>Source Files\operation</Filter>
    </ClCompile>
    <ClCompile Include="opMouseDragTransform.cpp">
      <Filter>Source Files\operation</Filter>
    </ClCompile>
    <ClCompile Include="CoordinateSystem.cpp">
      <Filter>Source Files\utility</Filter>
    </ClCompile>
    <ClCompile Include="iMouseDragOperationsHandler.cpp">
      <Filter>Source Files\input</Filter>
    </ClCompile>
    <ClCompile Include="entDraw.cpp">
      <Filter>Source Files\entity</Filter>
    </ClCompile>
    <ClCompile Include="shGlobalUniformMap.cpp">
      <Filter>Source Files\shader</Filter>
    </ClCompile>
    <ClCompile Include="entScene.cpp">
      <Filter>Source Files\entity</Filter>
    </ClCompile>
    <ClCompile Include="compManager.cpp">
      <Filter>Source Files\component</Filter>
    </ClCompile>
  </ItemGroup>
  <ItemGroup>
    <CopyFileToFolders Include="vertexshader.vert">
      <Filter>Resource Files\res</Filter>
    </CopyFileToFolders>
    <CopyFileToFolders Include="fragmentshader.frag">
      <Filter>Resource Files\res</Filter>
    </CopyFileToFolders>
    <CopyFileToFolders Include="dots.frag">
      <Filter>Resource Files\res</Filter>
    </CopyFileToFolders>
    <CopyFileToFolders Include="uniform.vert">
      <Filter>Resource Files\res</Filter>
    </CopyFileToFolders>
    <CopyFileToFolders Include="uniform.frag">
      <Filter>Resource Files\res</Filter>
    </CopyFileToFolders>
    <CopyFileToFolders Include="ndcPanel.vert">
      <Filter>Resource Files\res</Filter>
    </CopyFileToFolders>
    <CopyFileToFolders Include="ndcPanel.frag">
      <Filter>Resource Files\res</Filter>
    </CopyFileToFolders>
  </ItemGroup>
  <ItemGroup>
    <None Include="amUuid_T.tpp">
      <Filter>Source Files\association_model</Filter>
    </None>
    <None Include="am_S_Uuid_T.tpp">
      <Filter>Source Files\association_model</Filter>
    </None>
    <None Include="shUniformT.tpp">
      <Filter>Source Files\shader</Filter>
    </None>
  </ItemGroup>
</Project>